
Microsoft Visual Studio Solution File, Format Version 12.00
# Visual Studio Version 16
VisualStudioVersion = 16.0.30907.101
MinimumVisualStudioVersion = 10.0.40219.1
Project("{FAE04EC0-301F-11D3-BF4B-00C04F79EFBC}") = "BcxB", "TrySpeechPlus\BcxB.csproj", "{760E5B56-A586-4505-A4C1-8A0355DA7DFF}"
EndProject
Project("{9A19103F-16F7-4668-BE54-9A1E7A4F7556}") = "BcxbDataAccess", "..\..\..\BcxbLib3\BcxbDataAccess\BcxbDataAccess.csproj", "{9AA690D8-5D59-4F55-B98E-8FBEB7E5AE57}"
EndProject
Project("{D954291E-2A0B-460D-934E-DC6B0785DB48}") = "BcxbLib_SAP", "..\..\..\BcxbLib3\BcxbLib_SAP\BcxbLib_SAP.shproj", "{F4A628C7-5F7F-4B62-AD11-85A58328A825}"
EndProject
Global
	GlobalSection(SharedMSBuildProjectFiles) = preSolution
		..\..\..\BcxbLib3\BcxbLib_SAP\BcxbLib_SAP.projitems*{760e5b56-a586-4505-a4c1-8a0355da7dff}*SharedItemsImports = 4
		..\..\..\BcxbLib3\BcxbLib_SAP\BcxbLib_SAP.projitems*{f4a628c7-5f7f-4b62-ad11-85a58328a825}*SharedItemsImports = 13
	EndGlobalSection
	GlobalSection(SolutionConfigurationPlatforms) = preSolution
		Debug|Any CPU = Debug|Any CPU
		Debug|iPhone = Debug|iPhone
		Debug|iPhoneSimulator = Debug|iPhoneSimulator
		Release|Any CPU = Release|Any CPU
		Release|iPhone = Release|iPhone
		Release|iPhoneSimulator = Release|iPhoneSimulator
	EndGlobalSection
	GlobalSection(ProjectConfigurationPlatforms) = postSolution
		{760E5B56-A586-4505-A4C1-8A0355DA7DFF}.Debug|Any CPU.ActiveCfg = Debug|iPhoneSimulator
		{760E5B56-A586-4505-A4C1-8A0355DA7DFF}.Debug|Any CPU.Build.0 = Debug|iPhoneSimulator
		{760E5B56-A586-4505-A4C1-8A0355DA7DFF}.Debug|iPhone.ActiveCfg = Debug|iPhone
		{760E5B56-A586-4505-A4C1-8A0355DA7DFF}.Debug|iPhone.Build.0 = Debug|iPhone
		{760E5B56-A586-4505-A4C1-8A0355DA7DFF}.Debug|iPhoneSimulator.ActiveCfg = Debug|iPhoneSimulator
		{760E5B56-A586-4505-A4C1-8A0355DA7DFF}.Debug|iPhoneSimulator.Build.0 = Debug|iPhoneSimulator
		{760E5B56-A586-4505-A4C1-8A0355DA7DFF}.Release|Any CPU.ActiveCfg = Release|iPhone
		{760E5B56-A586-4505-A4C1-8A0355DA7DFF}.Release|Any CPU.Build.0 = Release|iPhone
		{760E5B56-A586-4505-A4C1-8A0355DA7DFF}.Release|iPhone.ActiveCfg = Release|iPhone
		{760E5B56-A586-4505-A4C1-8A0355DA7DFF}.Release|iPhone.Build.0 = Release|iPhone
		{760E5B56-A586-4505-A4C1-8A0355DA7DFF}.Release|iPhoneSimulator.ActiveCfg = Release|iPhoneSimulator
		{760E5B56-A586-4505-A4C1-8A0355DA7DFF}.Release|iPhoneSimulator.Build.0 = Release|iPhoneSimulator
		{9AA690D8-5D59-4F55-B98E-8FBEB7E5AE57}.Debug|Any CPU.ActiveCfg = Debug|Any CPU
		{9AA690D8-5D59-4F55-B98E-8FBEB7E5AE57}.Debug|Any CPU.Build.0 = Debug|Any CPU
		{9AA690D8-5D59-4F55-B98E-8FBEB7E5AE57}.Debug|iPhone.ActiveCfg = Debug|Any CPU
		{9AA690D8-5D59-4F55-B98E-8FBEB7E5AE57}.Debug|iPhone.Build.0 = Debug|Any CPU
		{9AA690D8-5D59-4F55-B98E-8FBEB7E5AE57}.Debug|iPhoneSimulator.ActiveCfg = Debug|Any CPU
		{9AA690D8-5D59-4F55-B98E-8FBEB7E5AE57}.Debug|iPhoneSimulator.Build.0 = Debug|Any CPU
		{9AA690D8-5D59-4F55-B98E-8FBEB7E5AE57}.Release|Any CPU.ActiveCfg = Release|Any CPU
		{9AA690D8-5D59-4F55-B98E-8FBEB7E5AE57}.Release|Any CPU.Build.0 = Release|Any CPU
		{9AA690D8-5D59-4F55-B98E-8FBEB7E5AE57}.Release|iPhone.ActiveCfg = Release|Any CPU
		{9AA690D8-5D59-4F55-B98E-8FBEB7E5AE57}.Release|iPhone.Build.0 = Release|Any CPU
		{9AA690D8-5D59-4F55-B98E-8FBEB7E5AE57}.Release|iPhoneSimulator.ActiveCfg = Release|Any CPU
		{9AA690D8-5D59-4F55-B98E-8FBEB7E5AE57}.Release|iPhoneSimulator.Build.0 = Release|Any CPU
	EndGlobalSection
	GlobalSection(SolutionProperties) = preSolution
		HideSolutionNode = FALSE
	EndGlobalSection
	GlobalSection(ExtensibilityGlobals) = postSolution
		SolutionGuid = {91BC9A25-CDFF-4B3C-ADE4-65422E21581F}
	EndGlobalSection
EndGlobal
